// !$*UTF8*$!
{
	archiveVersion = 1;
	classes = {
	};
	objectVersion = 50;
	objects = {

/* Begin PBXBuildFile section */
		F225A24026444D4700C4F577 /* VideoListView.swift in Sources */ = {isa = PBXBuildFile; fileRef = F225A23F26444D4700C4F577 /* VideoListView.swift */; };
		F225A24326444D6A00C4F577 /* MapView.swift in Sources */ = {isa = PBXBuildFile; fileRef = F225A24226444D6A00C4F577 /* MapView.swift */; };
		F225A24626444D7D00C4F577 /* GalleryView.swift in Sources */ = {isa = PBXBuildFile; fileRef = F225A24526444D7D00C4F577 /* GalleryView.swift */; };
		F225A24926444D8D00C4F577 /* MainView.swift in Sources */ = {isa = PBXBuildFile; fileRef = F225A24826444D8D00C4F577 /* MainView.swift */; };
		F2438BB92644467400CBE8D1 /* AfricaApp.swift in Sources */ = {isa = PBXBuildFile; fileRef = F2438BB82644467400CBE8D1 /* AfricaApp.swift */; };
		F2438BBB2644467400CBE8D1 /* ContentView.swift in Sources */ = {isa = PBXBuildFile; fileRef = F2438BBA2644467400CBE8D1 /* ContentView.swift */; };
		F2438BBD2644467500CBE8D1 /* Assets.xcassets in Resources */ = {isa = PBXBuildFile; fileRef = F2438BBC2644467500CBE8D1 /* Assets.xcassets */; };
		F2438BC02644467500CBE8D1 /* Preview Assets.xcassets in Resources */ = {isa = PBXBuildFile; fileRef = F2438BBF2644467500CBE8D1 /* Preview Assets.xcassets */; };
		F2438BD32644486400CBE8D1 /* zebra.mp4 in Resources */ = {isa = PBXBuildFile; fileRef = F2438BC92644486100CBE8D1 /* zebra.mp4 */; };
		F2438BD42644486400CBE8D1 /* giraffe.mp4 in Resources */ = {isa = PBXBuildFile; fileRef = F2438BCA2644486200CBE8D1 /* giraffe.mp4 */; };
		F2438BD52644486400CBE8D1 /* rhino.mp4 in Resources */ = {isa = PBXBuildFile; fileRef = F2438BCB2644486200CBE8D1 /* rhino.mp4 */; };
		F2438BD62644486400CBE8D1 /* hippo.mp4 in Resources */ = {isa = PBXBuildFile; fileRef = F2438BCC2644486200CBE8D1 /* hippo.mp4 */; };
		F2438BD72644486400CBE8D1 /* lion.mp4 in Resources */ = {isa = PBXBuildFile; fileRef = F2438BCD2644486300CBE8D1 /* lion.mp4 */; };
		F2438BD82644486400CBE8D1 /* cheetah.mp4 in Resources */ = {isa = PBXBuildFile; fileRef = F2438BCE2644486300CBE8D1 /* cheetah.mp4 */; };
		F2438BD92644486400CBE8D1 /* lioness.mp4 in Resources */ = {isa = PBXBuildFile; fileRef = F2438BCF2644486300CBE8D1 /* lioness.mp4 */; };
		F2438BDA2644486400CBE8D1 /* elephant.mp4 in Resources */ = {isa = PBXBuildFile; fileRef = F2438BD02644486400CBE8D1 /* elephant.mp4 */; };
		F2438BDB2644486400CBE8D1 /* gorilla.mp4 in Resources */ = {isa = PBXBuildFile; fileRef = F2438BD12644486400CBE8D1 /* gorilla.mp4 */; };
		F2438BDC2644486400CBE8D1 /* ostrich.mp4 in Resources */ = {isa = PBXBuildFile; fileRef = F2438BD22644486400CBE8D1 /* ostrich.mp4 */; };
		F2438BE3264448AB00CBE8D1 /* covers.json in Resources */ = {isa = PBXBuildFile; fileRef = F2438BDF264448AA00CBE8D1 /* covers.json */; };
		F2438BE4264448AB00CBE8D1 /* locations.json in Resources */ = {isa = PBXBuildFile; fileRef = F2438BE0264448AA00CBE8D1 /* locations.json */; };
		F2438BE5264448AB00CBE8D1 /* animals.json in Resources */ = {isa = PBXBuildFile; fileRef = F2438BE1264448AB00CBE8D1 /* animals.json */; };
		F2438BE6264448AB00CBE8D1 /* videos.json in Resources */ = {isa = PBXBuildFile; fileRef = F2438BE2264448AB00CBE8D1 /* videos.json */; };
		F2D7D0D02646E7B800020A97 /* CoverImageView.swift in Sources */ = {isa = PBXBuildFile; fileRef = F2D7D0CF2646E7B800020A97 /* CoverImageView.swift */; };
		F2D7D0D42646EE9000020A97 /* CoverImageModel.swift in Sources */ = {isa = PBXBuildFile; fileRef = F2D7D0D32646EE9000020A97 /* CoverImageModel.swift */; };
		F2D7D0D82646F08A00020A97 /* CodableBundleExtension.swift in Sources */ = {isa = PBXBuildFile; fileRef = F2D7D0D72646F08A00020A97 /* CodableBundleExtension.swift */; };
/* End PBXBuildFile section */

/* Begin PBXFileReference section */
		F225A23F26444D4700C4F577 /* VideoListView.swift */ = {isa = PBXFileReference; lastKnownFileType = sourcecode.swift; path = VideoListView.swift; sourceTree = "<group>"; };
		F225A24226444D6A00C4F577 /* MapView.swift */ = {isa = PBXFileReference; lastKnownFileType = sourcecode.swift; path = MapView.swift; sourceTree = "<group>"; };
		F225A24526444D7D00C4F577 /* GalleryView.swift */ = {isa = PBXFileReference; lastKnownFileType = sourcecode.swift; path = GalleryView.swift; sourceTree = "<group>"; };
		F225A24826444D8D00C4F577 /* MainView.swift */ = {isa = PBXFileReference; lastKnownFileType = sourcecode.swift; path = MainView.swift; sourceTree = "<group>"; };
		F2438BB52644467400CBE8D1 /* Africa.app */ = {isa = PBXFileReference; explicitFileType = wrapper.application; includeInIndex = 0; path = Africa.app; sourceTree = BUILT_PRODUCTS_DIR; };
		F2438BB82644467400CBE8D1 /* AfricaApp.swift */ = {isa = PBXFileReference; lastKnownFileType = sourcecode.swift; path = AfricaApp.swift; sourceTree = "<group>"; };
		F2438BBA2644467400CBE8D1 /* ContentView.swift */ = {isa = PBXFileReference; lastKnownFileType = sourcecode.swift; path = ContentView.swift; sourceTree = "<group>"; };
		F2438BBC2644467500CBE8D1 /* Assets.xcassets */ = {isa = PBXFileReference; lastKnownFileType = folder.assetcatalog; path = Assets.xcassets; sourceTree = "<group>"; };
		F2438BBF2644467500CBE8D1 /* Preview Assets.xcassets */ = {isa = PBXFileReference; lastKnownFileType = folder.assetcatalog; path = "Preview Assets.xcassets"; sourceTree = "<group>"; };
		F2438BC12644467500CBE8D1 /* Info.plist */ = {isa = PBXFileReference; lastKnownFileType = text.plist.xml; path = Info.plist; sourceTree = "<group>"; };
		F2438BC92644486100CBE8D1 /* zebra.mp4 */ = {isa = PBXFileReference; lastKnownFileType = file; path = zebra.mp4; sourceTree = "<group>"; };
		F2438BCA2644486200CBE8D1 /* giraffe.mp4 */ = {isa = PBXFileReference; lastKnownFileType = file; path = giraffe.mp4; sourceTree = "<group>"; };
		F2438BCB2644486200CBE8D1 /* rhino.mp4 */ = {isa = PBXFileReference; lastKnownFileType = file; path = rhino.mp4; sourceTree = "<group>"; };
		F2438BCC2644486200CBE8D1 /* hippo.mp4 */ = {isa = PBXFileReference; lastKnownFileType = file; path = hippo.mp4; sourceTree = "<group>"; };
		F2438BCD2644486300CBE8D1 /* lion.mp4 */ = {isa = PBXFileReference; lastKnownFileType = file; path = lion.mp4; sourceTree = "<group>"; };
		F2438BCE2644486300CBE8D1 /* cheetah.mp4 */ = {isa = PBXFileReference; lastKnownFileType = file; path = cheetah.mp4; sourceTree = "<group>"; };
		F2438BCF2644486300CBE8D1 /* lioness.mp4 */ = {isa = PBXFileReference; lastKnownFileType = file; path = lioness.mp4; sourceTree = "<group>"; };
		F2438BD02644486400CBE8D1 /* elephant.mp4 */ = {isa = PBXFileReference; lastKnownFileType = file; path = elephant.mp4; sourceTree = "<group>"; };
		F2438BD12644486400CBE8D1 /* gorilla.mp4 */ = {isa = PBXFileReference; lastKnownFileType = file; path = gorilla.mp4; sourceTree = "<group>"; };
		F2438BD22644486400CBE8D1 /* ostrich.mp4 */ = {isa = PBXFileReference; lastKnownFileType = file; path = ostrich.mp4; sourceTree = "<group>"; };
		F2438BDF264448AA00CBE8D1 /* covers.json */ = {isa = PBXFileReference; fileEncoding = 4; lastKnownFileType = text.json; path = covers.json; sourceTree = "<group>"; };
		F2438BE0264448AA00CBE8D1 /* locations.json */ = {isa = PBXFileReference; fileEncoding = 4; lastKnownFileType = text.json; path = locations.json; sourceTree = "<group>"; };
		F2438BE1264448AB00CBE8D1 /* animals.json */ = {isa = PBXFileReference; fileEncoding = 4; lastKnownFileType = text.json; path = animals.json; sourceTree = "<group>"; };
		F2438BE2264448AB00CBE8D1 /* videos.json */ = {isa = PBXFileReference; fileEncoding = 4; lastKnownFileType = text.json; path = videos.json; sourceTree = "<group>"; };
		F2D7D0CF2646E7B800020A97 /* CoverImageView.swift */ = {isa = PBXFileReference; lastKnownFileType = sourcecode.swift; path = CoverImageView.swift; sourceTree = "<group>"; };
		F2D7D0D32646EE9000020A97 /* CoverImageModel.swift */ = {isa = PBXFileReference; lastKnownFileType = sourcecode.swift; path = CoverImageModel.swift; sourceTree = "<group>"; };
		F2D7D0D72646F08A00020A97 /* CodableBundleExtension.swift */ = {isa = PBXFileReference; lastKnownFileType = sourcecode.swift; path = CodableBundleExtension.swift; sourceTree = "<group>"; };
/* End PBXFileReference section */

/* Begin PBXFrameworksBuildPhase section */
		F2438BB22644467400CBE8D1 /* Frameworks */ = {
			isa = PBXFrameworksBuildPhase;
			buildActionMask = 2147483647;
			files = (
			);
			runOnlyForDeploymentPostprocessing = 0;
		};
/* End PBXFrameworksBuildPhase section */

/* Begin PBXGroup section */
		F225A23D26444CCA00C4F577 /* App */ = {
			isa = PBXGroup;
			children = (
				F2438BB82644467400CBE8D1 /* AfricaApp.swift */,
				F225A24826444D8D00C4F577 /* MainView.swift */,
				F2438BBA2644467400CBE8D1 /* ContentView.swift */,
				F225A23F26444D4700C4F577 /* VideoListView.swift */,
				F225A24226444D6A00C4F577 /* MapView.swift */,
				F225A24526444D7D00C4F577 /* GalleryView.swift */,
			);
			path = App;
			sourceTree = "<group>";
		};
		F2438BAC2644467400CBE8D1 = {
			isa = PBXGroup;
			children = (
				F2438BB72644467400CBE8D1 /* Africa */,
				F2438BB62644467400CBE8D1 /* Products */,
			);
			sourceTree = "<group>";
		};
		F2438BB62644467400CBE8D1 /* Products */ = {
			isa = PBXGroup;
			children = (
				F2438BB52644467400CBE8D1 /* Africa.app */,
			);
			name = Products;
			sourceTree = "<group>";
		};
		F2438BB72644467400CBE8D1 /* Africa */ = {
			isa = PBXGroup;
			children = (
				F2D7D0D62646F07B00020A97 /* Extension */,
				F2D7D0D22646EE7800020A97 /* Model */,
				F2D7D0CE2646E79800020A97 /* View */,
				F2438BDE2644488700CBE8D1 /* Data */,
				F2438BC82644482D00CBE8D1 /* Video */,
				F225A23D26444CCA00C4F577 /* App */,
				F2438BBC2644467500CBE8D1 /* Assets.xcassets */,
				F2438BC12644467500CBE8D1 /* Info.plist */,
				F2438BBE2644467500CBE8D1 /* Preview Content */,
			);
			path = Africa;
			sourceTree = "<group>";
		};
		F2438BBE2644467500CBE8D1 /* Preview Content */ = {
			isa = PBXGroup;
			children = (
				F2438BBF2644467500CBE8D1 /* Preview Assets.xcassets */,
			);
			path = "Preview Content";
			sourceTree = "<group>";
		};
		F2438BC82644482D00CBE8D1 /* Video */ = {
			isa = PBXGroup;
			children = (
				F2438BCE2644486300CBE8D1 /* cheetah.mp4 */,
				F2438BD02644486400CBE8D1 /* elephant.mp4 */,
				F2438BCA2644486200CBE8D1 /* giraffe.mp4 */,
				F2438BD12644486400CBE8D1 /* gorilla.mp4 */,
				F2438BCC2644486200CBE8D1 /* hippo.mp4 */,
				F2438BCD2644486300CBE8D1 /* lion.mp4 */,
				F2438BCF2644486300CBE8D1 /* lioness.mp4 */,
				F2438BD22644486400CBE8D1 /* ostrich.mp4 */,
				F2438BCB2644486200CBE8D1 /* rhino.mp4 */,
				F2438BC92644486100CBE8D1 /* zebra.mp4 */,
			);
			path = Video;
			sourceTree = "<group>";
		};
		F2438BDE2644488700CBE8D1 /* Data */ = {
			isa = PBXGroup;
			children = (
				F2438BE1264448AB00CBE8D1 /* animals.json */,
				F2438BDF264448AA00CBE8D1 /* covers.json */,
				F2438BE0264448AA00CBE8D1 /* locations.json */,
				F2438BE2264448AB00CBE8D1 /* videos.json */,
			);
			path = Data;
			sourceTree = "<group>";
		};
		F2D7D0CE2646E79800020A97 /* View */ = {
			isa = PBXGroup;
			children = (
				F2D7D0CF2646E7B800020A97 /* CoverImageView.swift */,
			);
			path = View;
			sourceTree = "<group>";
		};
		F2D7D0D22646EE7800020A97 /* Model */ = {
			isa = PBXGroup;
			children = (
				F2D7D0D32646EE9000020A97 /* CoverImageModel.swift */,
			);
			path = Model;
			sourceTree = "<group>";
		};
		F2D7D0D62646F07B00020A97 /* Extension */ = {
			isa = PBXGroup;
			children = (
				F2D7D0D72646F08A00020A97 /* CodableBundleExtension.swift */,
			);
			path = Extension;
			sourceTree = "<group>";
		};
/* End PBXGroup section */

/* Begin PBXNativeTarget section */
		F2438BB42644467400CBE8D1 /* Africa */ = {
			isa = PBXNativeTarget;
			buildConfigurationList = F2438BC42644467500CBE8D1 /* Build configuration list for PBXNativeTarget "Africa" */;
			buildPhases = (
				F2438BB12644467400CBE8D1 /* Sources */,
				F2438BB22644467400CBE8D1 /* Frameworks */,
				F2438BB32644467400CBE8D1 /* Resources */,
			);
			buildRules = (
			);
			dependencies = (
			);
			name = Africa;
			productName = Africa;
			productReference = F2438BB52644467400CBE8D1 /* Africa.app */;
			productType = "com.apple.product-type.application";
		};
/* End PBXNativeTarget section */

/* Begin PBXProject section */
		F2438BAD2644467400CBE8D1 /* Project object */ = {
			isa = PBXProject;
			attributes = {
				LastSwiftUpdateCheck = 1240;
				LastUpgradeCheck = 1240;
				TargetAttributes = {
					F2438BB42644467400CBE8D1 = {
						CreatedOnToolsVersion = 12.4;
					};
				};
			};
			buildConfigurationList = F2438BB02644467400CBE8D1 /* Build configuration list for PBXProject "Africa" */;
			compatibilityVersion = "Xcode 9.3";
			developmentRegion = en;
			hasScannedForEncodings = 0;
			knownRegions = (
				en,
				Base,
			);
			mainGroup = F2438BAC2644467400CBE8D1;
			productRefGroup = F2438BB62644467400CBE8D1 /* Products */;
			projectDirPath = "";
			projectRoot = "";
			targets = (
				F2438BB42644467400CBE8D1 /* Africa */,
			);
		};
/* End PBXProject section */

/* Begin PBXResourcesBuildPhase section */
		F2438BB32644467400CBE8D1 /* Resources */ = {
			isa = PBXResourcesBuildPhase;
			buildActionMask = 2147483647;
			files = (
				F2438BE5264448AB00CBE8D1 /* animals.json in Resources */,
				F2438BE4264448AB00CBE8D1 /* locations.json in Resources */,
				F2438BE3264448AB00CBE8D1 /* covers.json in Resources */,
				F2438BC02644467500CBE8D1 /* Preview Assets.xcassets in Resources */,
				F2438BD32644486400CBE8D1 /* zebra.mp4 in Resources */,
				F2438BD92644486400CBE8D1 /* lioness.mp4 in Resources */,
				F2438BD72644486400CBE8D1 /* lion.mp4 in Resources */,
				F2438BD42644486400CBE8D1 /* giraffe.mp4 in Resources */,
				F2438BD82644486400CBE8D1 /* cheetah.mp4 in Resources */,
				F2438BDC2644486400CBE8D1 /* ostrich.mp4 in Resources */,
				F2438BD52644486400CBE8D1 /* rhino.mp4 in Resources */,
				F2438BD62644486400CBE8D1 /* hippo.mp4 in Resources */,
				F2438BDA2644486400CBE8D1 /* elephant.mp4 in Resources */,
				F2438BE6264448AB00CBE8D1 /* videos.json in Resources */,
				F2438BBD2644467500CBE8D1 /* Assets.xcassets in Resources */,
				F2438BDB2644486400CBE8D1 /* gorilla.mp4 in Resources */,
			);
			runOnlyForDeploymentPostprocessing = 0;
		};
/* End PBXResourcesBuildPhase section */

/* Begin PBXSourcesBuildPhase section */
		F2438BB12644467400CBE8D1 /* Sources */ = {
			isa = PBXSourcesBuildPhase;
			buildActionMask = 2147483647;
			files = (
				F2438BBB2644467400CBE8D1 /* ContentView.swift in Sources */,
				F225A24926444D8D00C4F577 /* MainView.swift in Sources */,
				F2D7D0D02646E7B800020A97 /* CoverImageView.swift in Sources */,
				F2D7D0D42646EE9000020A97 /* CoverImageModel.swift in Sources */,
				F225A24326444D6A00C4F577 /* MapView.swift in Sources */,
				F2438BB92644467400CBE8D1 /* AfricaApp.swift in Sources */,
				F225A24026444D4700C4F577 /* VideoListView.swift in Sources */,
				F225A24626444D7D00C4F577 /* GalleryView.swift in Sources */,
				F2D7D0D82646F08A00020A97 /* CodableBundleExtension.swift in Sources */,
			);
			runOnlyForDeploymentPostprocessing = 0;
		};
/* End PBXSourcesBuildPhase section */

/* Begin XCBuildConfiguration section */
		F2438BC22644467500CBE8D1 /* Debug */ = {
			isa = XCBuildConfiguration;
			buildSettings = {
				ALWAYS_SEARCH_USER_PATHS = NO;
				CLANG_ANALYZER_NONNULL = YES;
				CLANG_ANALYZER_NUMBER_OBJECT_CONVERSION = YES_AGGRESSIVE;
				CLANG_CXX_LANGUAGE_STANDARD = "gnu++14";
				CLANG_CXX_LIBRARY = "libc++";
				CLANG_ENABLE_MODULES = YES;
				CLANG_ENABLE_OBJC_ARC = YES;
				CLANG_ENABLE_OBJC_WEAK = YES;
				CLANG_WARN_BLOCK_CAPTURE_AUTORELEASING = YES;
				CLANG_WARN_BOOL_CONVERSION = YES;
				CLANG_WARN_COMMA = YES;
				CLANG_WARN_CONSTANT_CONVERSION = YES;
				CLANG_WARN_DEPRECATED_OBJC_IMPLEMENTATIONS = YES;
				CLANG_WARN_DIRECT_OBJC_ISA_USAGE = YES_ERROR;
				CLANG_WARN_DOCUMENTATION_COMMENTS = YES;
				CLANG_WARN_EMPTY_BODY = YES;
				CLANG_WARN_ENUM_CONVERSION = YES;
				CLANG_WARN_INFINITE_RECURSION = YES;
				CLANG_WARN_INT_CONVERSION = YES;
				CLANG_WARN_NON_LITERAL_NULL_CONVERSION = YES;
				CLANG_WARN_OBJC_IMPLICIT_RETAIN_SELF = YES;
				CLANG_WARN_OBJC_LITERAL_CONVERSION = YES;
				CLANG_WARN_OBJC_ROOT_CLASS = YES_ERROR;
				CLANG_WARN_QUOTED_INCLUDE_IN_FRAMEWORK_HEADER = YES;
				CLANG_WARN_RANGE_LOOP_ANALYSIS = YES;
				CLANG_WARN_STRICT_PROTOTYPES = YES;
				CLANG_WARN_SUSPICIOUS_MOVE = YES;
				CLANG_WARN_UNGUARDED_AVAILABILITY = YES_AGGRESSIVE;
				CLANG_WARN_UNREACHABLE_CODE = YES;
				CLANG_WARN__DUPLICATE_METHOD_MATCH = YES;
				COPY_PHASE_STRIP = NO;
				DEBUG_INFORMATION_FORMAT = dwarf;
				ENABLE_STRICT_OBJC_MSGSEND = YES;
				ENABLE_TESTABILITY = YES;
				GCC_C_LANGUAGE_STANDARD = gnu11;
				GCC_DYNAMIC_NO_PIC = NO;
				GCC_NO_COMMON_BLOCKS = YES;
				GCC_OPTIMIZATION_LEVEL = 0;
				GCC_PREPROCESSOR_DEFINITIONS = (
					"DEBUG=1",
					"$(inherited)",
				);
				GCC_WARN_64_TO_32_BIT_CONVERSION = YES;
				GCC_WARN_ABOUT_RETURN_TYPE = YES_ERROR;
				GCC_WARN_UNDECLARED_SELECTOR = YES;
				GCC_WARN_UNINITIALIZED_AUTOS = YES_AGGRESSIVE;
				GCC_WARN_UNUSED_FUNCTION = YES;
				GCC_WARN_UNUSED_VARIABLE = YES;
				IPHONEOS_DEPLOYMENT_TARGET = 14.4;
				MTL_ENABLE_DEBUG_INFO = INCLUDE_SOURCE;
				MTL_FAST_MATH = YES;
				ONLY_ACTIVE_ARCH = YES;
				SDKROOT = iphoneos;
				SWIFT_ACTIVE_COMPILATION_CONDITIONS = DEBUG;
				SWIFT_OPTIMIZATION_LEVEL = "-Onone";
			};
			name = Debug;
		};
		F2438BC32644467500CBE8D1 /* Release */ = {
			isa = XCBuildConfiguration;
			buildSettings = {
				ALWAYS_SEARCH_USER_PATHS = NO;
				CLANG_ANALYZER_NONNULL = YES;
				CLANG_ANALYZER_NUMBER_OBJECT_CONVERSION = YES_AGGRESSIVE;
				CLANG_CXX_LANGUAGE_STANDARD = "gnu++14";
				CLANG_CXX_LIBRARY = "libc++";
				CLANG_ENABLE_MODULES = YES;
				CLANG_ENABLE_OBJC_ARC = YES;
				CLANG_ENABLE_OBJC_WEAK = YES;
				CLANG_WARN_BLOCK_CAPTURE_AUTORELEASING = YES;
				CLANG_WARN_BOOL_CONVERSION = YES;
				CLANG_WARN_COMMA = YES;
				CLANG_WARN_CONSTANT_CONVERSION = YES;
				CLANG_WARN_DEPRECATED_OBJC_IMPLEMENTATIONS = YES;
				CLANG_WARN_DIRECT_OBJC_ISA_USAGE = YES_ERROR;
				CLANG_WARN_DOCUMENTATION_COMMENTS = YES;
				CLANG_WARN_EMPTY_BODY = YES;
				CLANG_WARN_ENUM_CONVERSION = YES;
				CLANG_WARN_INFINITE_RECURSION = YES;
				CLANG_WARN_INT_CONVERSION = YES;
				CLANG_WARN_NON_LITERAL_NULL_CONVERSION = YES;
				CLANG_WARN_OBJC_IMPLICIT_RETAIN_SELF = YES;
				CLANG_WARN_OBJC_LITERAL_CONVERSION = YES;
				CLANG_WARN_OBJC_ROOT_CLASS = YES_ERROR;
				CLANG_WARN_QUOTED_INCLUDE_IN_FRAMEWORK_HEADER = YES;
				CLANG_WARN_RANGE_LOOP_ANALYSIS = YES;
				CLANG_WARN_STRICT_PROTOTYPES = YES;
				CLANG_WARN_SUSPICIOUS_MOVE = YES;
				CLANG_WARN_UNGUARDED_AVAILABILITY = YES_AGGRESSIVE;
				CLANG_WARN_UNREACHABLE_CODE = YES;
				CLANG_WARN__DUPLICATE_METHOD_MATCH = YES;
				COPY_PHASE_STRIP = NO;
				DEBUG_INFORMATION_FORMAT = "dwarf-with-dsym";
				ENABLE_NS_ASSERTIONS = NO;
				ENABLE_STRICT_OBJC_MSGSEND = YES;
				GCC_C_LANGUAGE_STANDARD = gnu11;
				GCC_NO_COMMON_BLOCKS = YES;
				GCC_WARN_64_TO_32_BIT_CONVERSION = YES;
				GCC_WARN_ABOUT_RETURN_TYPE = YES_ERROR;
				GCC_WARN_UNDECLARED_SELECTOR = YES;
				GCC_WARN_UNINITIALIZED_AUTOS = YES_AGGRESSIVE;
				GCC_WARN_UNUSED_FUNCTION = YES;
				GCC_WARN_UNUSED_VARIABLE = YES;
				IPHONEOS_DEPLOYMENT_TARGET = 14.4;
				MTL_ENABLE_DEBUG_INFO = NO;
				MTL_FAST_MATH = YES;
				SDKROOT = iphoneos;
				SWIFT_COMPILATION_MODE = wholemodule;
				SWIFT_OPTIMIZATION_LEVEL = "-O";
				VALIDATE_PRODUCT = YES;
			};
			name = Release;
		};
		F2438BC52644467500CBE8D1 /* Debug */ = {
			isa = XCBuildConfiguration;
			buildSettings = {
				ASSETCATALOG_COMPILER_APPICON_NAME = AppIcon;
				ASSETCATALOG_COMPILER_GLOBAL_ACCENT_COLOR_NAME = AccentColor;
				CODE_SIGN_STYLE = Automatic;
				DEVELOPMENT_ASSET_PATHS = "\"Africa/Preview Content\"";
				DEVELOPMENT_TEAM = 7XHFQ957JQ;
				ENABLE_PREVIEWS = YES;
				INFOPLIST_FILE = Africa/Info.plist;
				IPHONEOS_DEPLOYMENT_TARGET = 14.0;
				LD_RUNPATH_SEARCH_PATHS = (
					"$(inherited)",
					"@executable_path/Frameworks",
				);
				PRODUCT_BUNDLE_IDENTIFIER = com.eriksalascode.Africa;
				PRODUCT_NAME = "$(TARGET_NAME)";
				SWIFT_VERSION = 5.0;
				TARGETED_DEVICE_FAMILY = "1,2";
			};
			name = Debug;
		};
		F2438BC62644467500CBE8D1 /* Release */ = {
			isa = XCBuildConfiguration;
			buildSettings = {
				ASSETCATALOG_COMPILER_APPICON_NAME = AppIcon;
				ASSETCATALOG_COMPILER_GLOBAL_ACCENT_COLOR_NAME = AccentColor;
				CODE_SIGN_STYLE = Automatic;
				DEVELOPMENT_ASSET_PATHS = "\"Africa/Preview Content\"";
				DEVELOPMENT_TEAM = 7XHFQ957JQ;
				ENABLE_PREVIEWS = YES;
				INFOPLIST_FILE = Africa/Info.plist;
				IPHONEOS_DEPLOYMENT_TARGET = 14.0;
				LD_RUNPATH_SEARCH_PATHS = (
					"$(inherited)",
					"@executable_path/Frameworks",
				);
				PRODUCT_BUNDLE_IDENTIFIER = com.eriksalascode.Africa;
				PRODUCT_NAME = "$(TARGET_NAME)";
				SWIFT_VERSION = 5.0;
				TARGETED_DEVICE_FAMILY = "1,2";
			};
			name = Release;
		};
/* End XCBuildConfiguration section */

/* Begin XCConfigurationList section */
		F2438BB02644467400CBE8D1 /* Build configuration list for PBXProject "Africa" */ = {
			isa = XCConfigurationList;
			buildConfigurations = (
				F2438BC22644467500CBE8D1 /* Debug */,
				F2438BC32644467500CBE8D1 /* Release */,
			);
			defaultConfigurationIsVisible = 0;
			defaultConfigurationName = Release;
		};
		F2438BC42644467500CBE8D1 /* Build configuration list for PBXNativeTarget "Africa" */ = {
			isa = XCConfigurationList;
			buildConfigurations = (
				F2438BC52644467500CBE8D1 /* Debug */,
				F2438BC62644467500CBE8D1 /* Release */,
			);
			defaultConfigurationIsVisible = 0;
			defaultConfigurationName = Release;
		};
/* End XCConfigurationList section */
	};
	rootObject = F2438BAD2644467400CBE8D1 /* Project object */;
}
