// !$*UTF8*$!
{
	archiveVersion = 1;
	classes = {
	};
	objectVersion = 52;
	objects = {

/* Begin PBXBuildFile section */
		F225A24026444D4700C4F577 /* VideoListView.swift in Sources */ = {isa = PBXBuildFile; fileRef = F225A23F26444D4700C4F577 /* VideoListView.swift */; };
		F225A24326444D6A00C4F577 /* MapView.swift in Sources */ = {isa = PBXBuildFile; fileRef = F225A24226444D6A00C4F577 /* MapView.swift */; };
		F225A24626444D7D00C4F577 /* GalleryView.swift in Sources */ = {isa = PBXBuildFile; fileRef = F225A24526444D7D00C4F577 /* GalleryView.swift */; };
		F225A24926444D8D00C4F577 /* MainView.swift in Sources */ = {isa = PBXBuildFile; fileRef = F225A24826444D8D00C4F577 /* MainView.swift */; };
		F235B290265441B8005FDF0A /* VideoPlayerView.swift in Sources */ = {isa = PBXBuildFile; fileRef = F235B28F265441B8005FDF0A /* VideoPlayerView.swift */; };
		F235B294265442A9005FDF0A /* VideoPlayerHelper.swift in Sources */ = {isa = PBXBuildFile; fileRef = F235B293265442A9005FDF0A /* VideoPlayerHelper.swift */; };
		F235B29726544BCD005FDF0A /* LocationModel.swift in Sources */ = {isa = PBXBuildFile; fileRef = F235B29626544BCD005FDF0A /* LocationModel.swift */; };
		F235B29A26545D83005FDF0A /* MapAnnotationView.swift in Sources */ = {isa = PBXBuildFile; fileRef = F235B29926545D83005FDF0A /* MapAnnotationView.swift */; };
		F24226A3265EDFFA0049FC5A /* AnimalGridItemView.swift in Sources */ = {isa = PBXBuildFile; fileRef = F24226A2265EDFFA0049FC5A /* AnimalGridItemView.swift */; };
		F24226AA265EEB630049FC5A /* Stickers.xcassets in Resources */ = {isa = PBXBuildFile; fileRef = F24226A9265EEB630049FC5A /* Stickers.xcassets */; };
		F24226AE265EEB630049FC5A /* Stickers.appex in Embed App Extensions */ = {isa = PBXBuildFile; fileRef = F24226A7265EEB5C0049FC5A /* Stickers.appex */; platformFilter = ios; settings = {ATTRIBUTES = (RemoveHeadersOnCopy, ); }; };
		F2438BB92644467400CBE8D1 /* AfricaApp.swift in Sources */ = {isa = PBXBuildFile; fileRef = F2438BB82644467400CBE8D1 /* AfricaApp.swift */; };
		F2438BBB2644467400CBE8D1 /* ContentView.swift in Sources */ = {isa = PBXBuildFile; fileRef = F2438BBA2644467400CBE8D1 /* ContentView.swift */; };
		F2438BBD2644467500CBE8D1 /* Assets.xcassets in Resources */ = {isa = PBXBuildFile; fileRef = F2438BBC2644467500CBE8D1 /* Assets.xcassets */; };
		F2438BC02644467500CBE8D1 /* Preview Assets.xcassets in Resources */ = {isa = PBXBuildFile; fileRef = F2438BBF2644467500CBE8D1 /* Preview Assets.xcassets */; };
		F2438BD32644486400CBE8D1 /* zebra.mp4 in Resources */ = {isa = PBXBuildFile; fileRef = F2438BC92644486100CBE8D1 /* zebra.mp4 */; };
		F2438BD42644486400CBE8D1 /* giraffe.mp4 in Resources */ = {isa = PBXBuildFile; fileRef = F2438BCA2644486200CBE8D1 /* giraffe.mp4 */; };
		F2438BD52644486400CBE8D1 /* rhino.mp4 in Resources */ = {isa = PBXBuildFile; fileRef = F2438BCB2644486200CBE8D1 /* rhino.mp4 */; };
		F2438BD62644486400CBE8D1 /* hippo.mp4 in Resources */ = {isa = PBXBuildFile; fileRef = F2438BCC2644486200CBE8D1 /* hippo.mp4 */; };
		F2438BD72644486400CBE8D1 /* lion.mp4 in Resources */ = {isa = PBXBuildFile; fileRef = F2438BCD2644486300CBE8D1 /* lion.mp4 */; };
		F2438BD82644486400CBE8D1 /* cheetah.mp4 in Resources */ = {isa = PBXBuildFile; fileRef = F2438BCE2644486300CBE8D1 /* cheetah.mp4 */; };
		F2438BD92644486400CBE8D1 /* lioness.mp4 in Resources */ = {isa = PBXBuildFile; fileRef = F2438BCF2644486300CBE8D1 /* lioness.mp4 */; };
		F2438BDA2644486400CBE8D1 /* elephant.mp4 in Resources */ = {isa = PBXBuildFile; fileRef = F2438BD02644486400CBE8D1 /* elephant.mp4 */; };
		F2438BDB2644486400CBE8D1 /* gorilla.mp4 in Resources */ = {isa = PBXBuildFile; fileRef = F2438BD12644486400CBE8D1 /* gorilla.mp4 */; };
		F2438BDC2644486400CBE8D1 /* ostrich.mp4 in Resources */ = {isa = PBXBuildFile; fileRef = F2438BD22644486400CBE8D1 /* ostrich.mp4 */; };
		F2438BE3264448AB00CBE8D1 /* covers.json in Resources */ = {isa = PBXBuildFile; fileRef = F2438BDF264448AA00CBE8D1 /* covers.json */; };
		F2438BE4264448AB00CBE8D1 /* locations.json in Resources */ = {isa = PBXBuildFile; fileRef = F2438BE0264448AA00CBE8D1 /* locations.json */; };
		F2438BE5264448AB00CBE8D1 /* animals.json in Resources */ = {isa = PBXBuildFile; fileRef = F2438BE1264448AB00CBE8D1 /* animals.json */; };
		F2438BE6264448AB00CBE8D1 /* videos.json in Resources */ = {isa = PBXBuildFile; fileRef = F2438BE2264448AB00CBE8D1 /* videos.json */; };
		F25D69FB26654BE3006CD3C7 /* CreditsView.swift in Sources */ = {isa = PBXBuildFile; fileRef = F25D69FA26654BE3006CD3C7 /* CreditsView.swift */; };
		F25D6A0026654E1C006CD3C7 /* CenterModifier.swift in Sources */ = {isa = PBXBuildFile; fileRef = F25D69FF26654E1C006CD3C7 /* CenterModifier.swift */; };
		F2965EB0265431EB00E00A5A /* VideoModel.swift in Sources */ = {isa = PBXBuildFile; fileRef = F2965EAF265431EB00E00A5A /* VideoModel.swift */; };
		F2965EB32654325300E00A5A /* VideoListItemView.swift in Sources */ = {isa = PBXBuildFile; fileRef = F2965EB22654325300E00A5A /* VideoListItemView.swift */; };
		F2C2DF50265C09910060E668 /* MotionAnimationView.swift in Sources */ = {isa = PBXBuildFile; fileRef = F2C2DF4F265C09910060E668 /* MotionAnimationView.swift */; };
		F2D7D0D02646E7B800020A97 /* CoverImageView.swift in Sources */ = {isa = PBXBuildFile; fileRef = F2D7D0CF2646E7B800020A97 /* CoverImageView.swift */; };
		F2D7D0D42646EE9000020A97 /* CoverImageModel.swift in Sources */ = {isa = PBXBuildFile; fileRef = F2D7D0D32646EE9000020A97 /* CoverImageModel.swift */; };
		F2D7D0D82646F08A00020A97 /* CodableBundleExtension.swift in Sources */ = {isa = PBXBuildFile; fileRef = F2D7D0D72646F08A00020A97 /* CodableBundleExtension.swift */; };
		F2D7D0DC2646FF2C00020A97 /* AnimalListItemView.swift in Sources */ = {isa = PBXBuildFile; fileRef = F2D7D0DB2646FF2C00020A97 /* AnimalListItemView.swift */; };
		F2D7D0DF264700C700020A97 /* AnimalModel.swift in Sources */ = {isa = PBXBuildFile; fileRef = F2D7D0DE264700C700020A97 /* AnimalModel.swift */; };
		F2D7D0E22647060D00020A97 /* AnimalDetailView.swift in Sources */ = {isa = PBXBuildFile; fileRef = F2D7D0E12647060D00020A97 /* AnimalDetailView.swift */; };
		F2D7D0E52647491F00020A97 /* HeadingView.swift in Sources */ = {isa = PBXBuildFile; fileRef = F2D7D0E42647491F00020A97 /* HeadingView.swift */; };
		F2D7D0E826474ACB00020A97 /* InsetGalleryView.swift in Sources */ = {isa = PBXBuildFile; fileRef = F2D7D0E726474ACB00020A97 /* InsetGalleryView.swift */; };
		F2D7D0EC26474F9C00020A97 /* InsetFactView.swift in Sources */ = {isa = PBXBuildFile; fileRef = F2D7D0EB26474F9C00020A97 /* InsetFactView.swift */; };
		F2D7D0EF2647520F00020A97 /* InsetMapView.swift in Sources */ = {isa = PBXBuildFile; fileRef = F2D7D0EE2647520F00020A97 /* InsetMapView.swift */; };
		F2D7D0F22647569100020A97 /* ExternalWeblinkView.swift in Sources */ = {isa = PBXBuildFile; fileRef = F2D7D0F12647569100020A97 /* ExternalWeblinkView.swift */; };
/* End PBXBuildFile section */

/* Begin PBXContainerItemProxy section */
		F24226AC265EEB630049FC5A /* PBXContainerItemProxy */ = {
			isa = PBXContainerItemProxy;
			containerPortal = F2438BAD2644467400CBE8D1 /* Project object */;
			proxyType = 1;
			remoteGlobalIDString = F24226A6265EEB5C0049FC5A;
			remoteInfo = Stickers;
		};
/* End PBXContainerItemProxy section */

/* Begin PBXCopyFilesBuildPhase section */
		F24226B2265EEB630049FC5A /* Embed App Extensions */ = {
			isa = PBXCopyFilesBuildPhase;
			buildActionMask = 2147483647;
			dstPath = "";
			dstSubfolderSpec = 13;
			files = (
				F24226AE265EEB630049FC5A /* Stickers.appex in Embed App Extensions */,
			);
			name = "Embed App Extensions";
			runOnlyForDeploymentPostprocessing = 0;
		};
/* End PBXCopyFilesBuildPhase section */

/* Begin PBXFileReference section */
		F225A23F26444D4700C4F577 /* VideoListView.swift */ = {isa = PBXFileReference; lastKnownFileType = sourcecode.swift; path = VideoListView.swift; sourceTree = "<group>"; };
		F225A24226444D6A00C4F577 /* MapView.swift */ = {isa = PBXFileReference; lastKnownFileType = sourcecode.swift; path = MapView.swift; sourceTree = "<group>"; };
		F225A24526444D7D00C4F577 /* GalleryView.swift */ = {isa = PBXFileReference; lastKnownFileType = sourcecode.swift; path = GalleryView.swift; sourceTree = "<group>"; };
		F225A24826444D8D00C4F577 /* MainView.swift */ = {isa = PBXFileReference; lastKnownFileType = sourcecode.swift; path = MainView.swift; sourceTree = "<group>"; };
		F235B28F265441B8005FDF0A /* VideoPlayerView.swift */ = {isa = PBXFileReference; lastKnownFileType = sourcecode.swift; path = VideoPlayerView.swift; sourceTree = "<group>"; };
		F235B293265442A9005FDF0A /* VideoPlayerHelper.swift */ = {isa = PBXFileReference; lastKnownFileType = sourcecode.swift; path = VideoPlayerHelper.swift; sourceTree = "<group>"; };
		F235B29626544BCD005FDF0A /* LocationModel.swift */ = {isa = PBXFileReference; lastKnownFileType = sourcecode.swift; path = LocationModel.swift; sourceTree = "<group>"; };
		F235B29926545D83005FDF0A /* MapAnnotationView.swift */ = {isa = PBXFileReference; lastKnownFileType = sourcecode.swift; path = MapAnnotationView.swift; sourceTree = "<group>"; };
		F24226A2265EDFFA0049FC5A /* AnimalGridItemView.swift */ = {isa = PBXFileReference; lastKnownFileType = sourcecode.swift; path = AnimalGridItemView.swift; sourceTree = "<group>"; };
		F24226A7265EEB5C0049FC5A /* Stickers.appex */ = {isa = PBXFileReference; explicitFileType = "wrapper.app-extension"; includeInIndex = 0; path = Stickers.appex; sourceTree = BUILT_PRODUCTS_DIR; };
		F24226A9265EEB630049FC5A /* Stickers.xcassets */ = {isa = PBXFileReference; lastKnownFileType = folder.assetcatalog; path = Stickers.xcassets; sourceTree = "<group>"; };
		F24226AB265EEB630049FC5A /* Info.plist */ = {isa = PBXFileReference; lastKnownFileType = text.plist.xml; path = Info.plist; sourceTree = "<group>"; };
		F2438BB52644467400CBE8D1 /* Africa.app */ = {isa = PBXFileReference; explicitFileType = wrapper.application; includeInIndex = 0; path = Africa.app; sourceTree = BUILT_PRODUCTS_DIR; };
		F2438BB82644467400CBE8D1 /* AfricaApp.swift */ = {isa = PBXFileReference; lastKnownFileType = sourcecode.swift; path = AfricaApp.swift; sourceTree = "<group>"; };
		F2438BBA2644467400CBE8D1 /* ContentView.swift */ = {isa = PBXFileReference; lastKnownFileType = sourcecode.swift; path = ContentView.swift; sourceTree = "<group>"; };
		F2438BBC2644467500CBE8D1 /* Assets.xcassets */ = {isa = PBXFileReference; lastKnownFileType = folder.assetcatalog; path = Assets.xcassets; sourceTree = "<group>"; };
		F2438BBF2644467500CBE8D1 /* Preview Assets.xcassets */ = {isa = PBXFileReference; lastKnownFileType = folder.assetcatalog; path = "Preview Assets.xcassets"; sourceTree = "<group>"; };
		F2438BC12644467500CBE8D1 /* Info.plist */ = {isa = PBXFileReference; lastKnownFileType = text.plist.xml; path = Info.plist; sourceTree = "<group>"; };
		F2438BC92644486100CBE8D1 /* zebra.mp4 */ = {isa = PBXFileReference; lastKnownFileType = file; path = zebra.mp4; sourceTree = "<group>"; };
		F2438BCA2644486200CBE8D1 /* giraffe.mp4 */ = {isa = PBXFileReference; lastKnownFileType = file; path = giraffe.mp4; sourceTree = "<group>"; };
		F2438BCB2644486200CBE8D1 /* rhino.mp4 */ = {isa = PBXFileReference; lastKnownFileType = file; path = rhino.mp4; sourceTree = "<group>"; };
		F2438BCC2644486200CBE8D1 /* hippo.mp4 */ = {isa = PBXFileReference; lastKnownFileType = file; path = hippo.mp4; sourceTree = "<group>"; };
		F2438BCD2644486300CBE8D1 /* lion.mp4 */ = {isa = PBXFileReference; lastKnownFileType = file; path = lion.mp4; sourceTree = "<group>"; };
		F2438BCE2644486300CBE8D1 /* cheetah.mp4 */ = {isa = PBXFileReference; lastKnownFileType = file; path = cheetah.mp4; sourceTree = "<group>"; };
		F2438BCF2644486300CBE8D1 /* lioness.mp4 */ = {isa = PBXFileReference; lastKnownFileType = file; path = lioness.mp4; sourceTree = "<group>"; };
		F2438BD02644486400CBE8D1 /* elephant.mp4 */ = {isa = PBXFileReference; lastKnownFileType = file; path = elephant.mp4; sourceTree = "<group>"; };
		F2438BD12644486400CBE8D1 /* gorilla.mp4 */ = {isa = PBXFileReference; lastKnownFileType = file; path = gorilla.mp4; sourceTree = "<group>"; };
		F2438BD22644486400CBE8D1 /* ostrich.mp4 */ = {isa = PBXFileReference; lastKnownFileType = file; path = ostrich.mp4; sourceTree = "<group>"; };
		F2438BDF264448AA00CBE8D1 /* covers.json */ = {isa = PBXFileReference; fileEncoding = 4; lastKnownFileType = text.json; path = covers.json; sourceTree = "<group>"; };
		F2438BE0264448AA00CBE8D1 /* locations.json */ = {isa = PBXFileReference; fileEncoding = 4; lastKnownFileType = text.json; path = locations.json; sourceTree = "<group>"; };
		F2438BE1264448AB00CBE8D1 /* animals.json */ = {isa = PBXFileReference; fileEncoding = 4; lastKnownFileType = text.json; path = animals.json; sourceTree = "<group>"; };
		F2438BE2264448AB00CBE8D1 /* videos.json */ = {isa = PBXFileReference; fileEncoding = 4; lastKnownFileType = text.json; path = videos.json; sourceTree = "<group>"; };
		F24CFE912665D3CD008242D9 /* Africa.entitlements */ = {isa = PBXFileReference; lastKnownFileType = text.plist.entitlements; path = Africa.entitlements; sourceTree = "<group>"; };
		F25D69FA26654BE3006CD3C7 /* CreditsView.swift */ = {isa = PBXFileReference; lastKnownFileType = sourcecode.swift; path = CreditsView.swift; sourceTree = "<group>"; };
		F25D69FF26654E1C006CD3C7 /* CenterModifier.swift */ = {isa = PBXFileReference; lastKnownFileType = sourcecode.swift; path = CenterModifier.swift; sourceTree = "<group>"; };
		F2965EAF265431EB00E00A5A /* VideoModel.swift */ = {isa = PBXFileReference; lastKnownFileType = sourcecode.swift; path = VideoModel.swift; sourceTree = "<group>"; };
		F2965EB22654325300E00A5A /* VideoListItemView.swift */ = {isa = PBXFileReference; lastKnownFileType = sourcecode.swift; path = VideoListItemView.swift; sourceTree = "<group>"; };
		F2C2DF4F265C09910060E668 /* MotionAnimationView.swift */ = {isa = PBXFileReference; lastKnownFileType = sourcecode.swift; path = MotionAnimationView.swift; sourceTree = "<group>"; };
		F2D7D0CF2646E7B800020A97 /* CoverImageView.swift */ = {isa = PBXFileReference; lastKnownFileType = sourcecode.swift; path = CoverImageView.swift; sourceTree = "<group>"; };
		F2D7D0D32646EE9000020A97 /* CoverImageModel.swift */ = {isa = PBXFileReference; lastKnownFileType = sourcecode.swift; path = CoverImageModel.swift; sourceTree = "<group>"; };
		F2D7D0D72646F08A00020A97 /* CodableBundleExtension.swift */ = {isa = PBXFileReference; lastKnownFileType = sourcecode.swift; path = CodableBundleExtension.swift; sourceTree = "<group>"; };
		F2D7D0DB2646FF2C00020A97 /* AnimalListItemView.swift */ = {isa = PBXFileReference; lastKnownFileType = sourcecode.swift; path = AnimalListItemView.swift; sourceTree = "<group>"; };
		F2D7D0DE264700C700020A97 /* AnimalModel.swift */ = {isa = PBXFileReference; lastKnownFileType = sourcecode.swift; path = AnimalModel.swift; sourceTree = "<group>"; };
		F2D7D0E12647060D00020A97 /* AnimalDetailView.swift */ = {isa = PBXFileReference; lastKnownFileType = sourcecode.swift; path = AnimalDetailView.swift; sourceTree = "<group>"; };
		F2D7D0E42647491F00020A97 /* HeadingView.swift */ = {isa = PBXFileReference; lastKnownFileType = sourcecode.swift; path = HeadingView.swift; sourceTree = "<group>"; };
		F2D7D0E726474ACB00020A97 /* InsetGalleryView.swift */ = {isa = PBXFileReference; lastKnownFileType = sourcecode.swift; path = InsetGalleryView.swift; sourceTree = "<group>"; };
		F2D7D0EB26474F9C00020A97 /* InsetFactView.swift */ = {isa = PBXFileReference; lastKnownFileType = sourcecode.swift; path = InsetFactView.swift; sourceTree = "<group>"; };
		F2D7D0EE2647520F00020A97 /* InsetMapView.swift */ = {isa = PBXFileReference; lastKnownFileType = sourcecode.swift; path = InsetMapView.swift; sourceTree = "<group>"; };
		F2D7D0F12647569100020A97 /* ExternalWeblinkView.swift */ = {isa = PBXFileReference; lastKnownFileType = sourcecode.swift; path = ExternalWeblinkView.swift; sourceTree = "<group>"; };
/* End PBXFileReference section */

/* Begin PBXFrameworksBuildPhase section */
		F2438BB22644467400CBE8D1 /* Frameworks */ = {
			isa = PBXFrameworksBuildPhase;
			buildActionMask = 2147483647;
			files = (
			);
			runOnlyForDeploymentPostprocessing = 0;
		};
/* End PBXFrameworksBuildPhase section */

/* Begin PBXGroup section */
		F225A23D26444CCA00C4F577 /* App */ = {
			isa = PBXGroup;
			children = (
				F2438BB82644467400CBE8D1 /* AfricaApp.swift */,
				F225A24826444D8D00C4F577 /* MainView.swift */,
				F2438BBA2644467400CBE8D1 /* ContentView.swift */,
				F225A23F26444D4700C4F577 /* VideoListView.swift */,
				F225A24226444D6A00C4F577 /* MapView.swift */,
				F225A24526444D7D00C4F577 /* GalleryView.swift */,
			);
			path = App;
			sourceTree = "<group>";
		};
		F235B2922654428F005FDF0A /* Helper */ = {
			isa = PBXGroup;
			children = (
				F235B293265442A9005FDF0A /* VideoPlayerHelper.swift */,
			);
			path = Helper;
			sourceTree = "<group>";
		};
		F24226A8265EEB5C0049FC5A /* Stickers */ = {
			isa = PBXGroup;
			children = (
				F24226A9265EEB630049FC5A /* Stickers.xcassets */,
				F24226AB265EEB630049FC5A /* Info.plist */,
			);
			path = Stickers;
			sourceTree = "<group>";
		};
		F2438BAC2644467400CBE8D1 = {
			isa = PBXGroup;
			children = (
				F2438BB72644467400CBE8D1 /* Africa */,
				F24226A8265EEB5C0049FC5A /* Stickers */,
				F2438BB62644467400CBE8D1 /* Products */,
			);
			sourceTree = "<group>";
		};
		F2438BB62644467400CBE8D1 /* Products */ = {
			isa = PBXGroup;
			children = (
				F2438BB52644467400CBE8D1 /* Africa.app */,
				F24226A7265EEB5C0049FC5A /* Stickers.appex */,
			);
			name = Products;
			sourceTree = "<group>";
		};
		F2438BB72644467400CBE8D1 /* Africa */ = {
			isa = PBXGroup;
			children = (
				F24CFE912665D3CD008242D9 /* Africa.entitlements */,
				F25D69FE26654E08006CD3C7 /* Modifier */,
				F235B2922654428F005FDF0A /* Helper */,
				F225A23D26444CCA00C4F577 /* App */,
				F2D7D0CE2646E79800020A97 /* View */,
				F2D7D0D62646F07B00020A97 /* Extension */,
				F2D7D0D22646EE7800020A97 /* Model */,
				F2438BDE2644488700CBE8D1 /* Data */,
				F2438BC82644482D00CBE8D1 /* Video */,
				F2438BBC2644467500CBE8D1 /* Assets.xcassets */,
				F2438BC12644467500CBE8D1 /* Info.plist */,
				F2438BBE2644467500CBE8D1 /* Preview Content */,
			);
			path = Africa;
			sourceTree = "<group>";
		};
		F2438BBE2644467500CBE8D1 /* Preview Content */ = {
			isa = PBXGroup;
			children = (
				F2438BBF2644467500CBE8D1 /* Preview Assets.xcassets */,
			);
			path = "Preview Content";
			sourceTree = "<group>";
		};
		F2438BC82644482D00CBE8D1 /* Video */ = {
			isa = PBXGroup;
			children = (
				F2438BCE2644486300CBE8D1 /* cheetah.mp4 */,
				F2438BD02644486400CBE8D1 /* elephant.mp4 */,
				F2438BCA2644486200CBE8D1 /* giraffe.mp4 */,
				F2438BD12644486400CBE8D1 /* gorilla.mp4 */,
				F2438BCC2644486200CBE8D1 /* hippo.mp4 */,
				F2438BCD2644486300CBE8D1 /* lion.mp4 */,
				F2438BCF2644486300CBE8D1 /* lioness.mp4 */,
				F2438BD22644486400CBE8D1 /* ostrich.mp4 */,
				F2438BCB2644486200CBE8D1 /* rhino.mp4 */,
				F2438BC92644486100CBE8D1 /* zebra.mp4 */,
			);
			path = Video;
			sourceTree = "<group>";
		};
		F2438BDE2644488700CBE8D1 /* Data */ = {
			isa = PBXGroup;
			children = (
				F2438BE1264448AB00CBE8D1 /* animals.json */,
				F2438BDF264448AA00CBE8D1 /* covers.json */,
				F2438BE0264448AA00CBE8D1 /* locations.json */,
				F2438BE2264448AB00CBE8D1 /* videos.json */,
			);
			path = Data;
			sourceTree = "<group>";
		};
		F25D69FE26654E08006CD3C7 /* Modifier */ = {
			isa = PBXGroup;
			children = (
				F25D69FF26654E1C006CD3C7 /* CenterModifier.swift */,
			);
			path = Modifier;
			sourceTree = "<group>";
		};
		F2D7D0CE2646E79800020A97 /* View */ = {
			isa = PBXGroup;
			children = (
				F2D7D0CF2646E7B800020A97 /* CoverImageView.swift */,
				F2D7D0DB2646FF2C00020A97 /* AnimalListItemView.swift */,
				F2D7D0E12647060D00020A97 /* AnimalDetailView.swift */,
				F2D7D0E42647491F00020A97 /* HeadingView.swift */,
				F2D7D0E726474ACB00020A97 /* InsetGalleryView.swift */,
				F2D7D0EB26474F9C00020A97 /* InsetFactView.swift */,
				F2D7D0EE2647520F00020A97 /* InsetMapView.swift */,
				F2D7D0F12647569100020A97 /* ExternalWeblinkView.swift */,
				F2965EB22654325300E00A5A /* VideoListItemView.swift */,
				F235B28F265441B8005FDF0A /* VideoPlayerView.swift */,
				F235B29926545D83005FDF0A /* MapAnnotationView.swift */,
				F2C2DF4F265C09910060E668 /* MotionAnimationView.swift */,
				F24226A2265EDFFA0049FC5A /* AnimalGridItemView.swift */,
				F25D69FA26654BE3006CD3C7 /* CreditsView.swift */,
			);
			path = View;
			sourceTree = "<group>";
		};
		F2D7D0D22646EE7800020A97 /* Model */ = {
			isa = PBXGroup;
			children = (
				F2D7D0D32646EE9000020A97 /* CoverImageModel.swift */,
				F2D7D0DE264700C700020A97 /* AnimalModel.swift */,
				F2965EAF265431EB00E00A5A /* VideoModel.swift */,
				F235B29626544BCD005FDF0A /* LocationModel.swift */,
			);
			path = Model;
			sourceTree = "<group>";
		};
		F2D7D0D62646F07B00020A97 /* Extension */ = {
			isa = PBXGroup;
			children = (
				F2D7D0D72646F08A00020A97 /* CodableBundleExtension.swift */,
			);
			path = Extension;
			sourceTree = "<group>";
		};
/* End PBXGroup section */

/* Begin PBXNativeTarget section */
		F24226A6265EEB5C0049FC5A /* Stickers */ = {
			isa = PBXNativeTarget;
			buildConfigurationList = F24226AF265EEB630049FC5A /* Build configuration list for PBXNativeTarget "Stickers" */;
			buildPhases = (
				F24226A5265EEB5C0049FC5A /* Resources */,
			);
			buildRules = (
			);
			dependencies = (
			);
			name = Stickers;
			productName = Stickers;
			productReference = F24226A7265EEB5C0049FC5A /* Stickers.appex */;
			productType = "com.apple.product-type.app-extension.messages-sticker-pack";
		};
		F2438BB42644467400CBE8D1 /* Africa */ = {
			isa = PBXNativeTarget;
			buildConfigurationList = F2438BC42644467500CBE8D1 /* Build configuration list for PBXNativeTarget "Africa" */;
			buildPhases = (
				F2438BB12644467400CBE8D1 /* Sources */,
				F2438BB22644467400CBE8D1 /* Frameworks */,
				F2438BB32644467400CBE8D1 /* Resources */,
				F24226B2265EEB630049FC5A /* Embed App Extensions */,
			);
			buildRules = (
			);
			dependencies = (
				F24226AD265EEB630049FC5A /* PBXTargetDependency */,
			);
			name = Africa;
			productName = Africa;
			productReference = F2438BB52644467400CBE8D1 /* Africa.app */;
			productType = "com.apple.product-type.application";
		};
/* End PBXNativeTarget section */

/* Begin PBXProject section */
		F2438BAD2644467400CBE8D1 /* Project object */ = {
			isa = PBXProject;
			attributes = {
				LastSwiftUpdateCheck = 1240;
				LastUpgradeCheck = 1240;
				TargetAttributes = {
					F24226A6265EEB5C0049FC5A = {
						CreatedOnToolsVersion = 12.4;
					};
					F2438BB42644467400CBE8D1 = {
						CreatedOnToolsVersion = 12.4;
					};
				};
			};
			buildConfigurationList = F2438BB02644467400CBE8D1 /* Build configuration list for PBXProject "Africa" */;
			compatibilityVersion = "Xcode 9.3";
			developmentRegion = en;
			hasScannedForEncodings = 0;
			knownRegions = (
				en,
				Base,
			);
			mainGroup = F2438BAC2644467400CBE8D1;
			productRefGroup = F2438BB62644467400CBE8D1 /* Products */;
			projectDirPath = "";
			projectRoot = "";
			targets = (
				F2438BB42644467400CBE8D1 /* Africa */,
				F24226A6265EEB5C0049FC5A /* Stickers */,
			);
		};
/* End PBXProject section */

/* Begin PBXResourcesBuildPhase section */
		F24226A5265EEB5C0049FC5A /* Resources */ = {
			isa = PBXResourcesBuildPhase;
			buildActionMask = 2147483647;
			files = (
				F24226AA265EEB630049FC5A /* Stickers.xcassets in Resources */,
			);
			runOnlyForDeploymentPostprocessing = 0;
		};
		F2438BB32644467400CBE8D1 /* Resources */ = {
			isa = PBXResourcesBuildPhase;
			buildActionMask = 2147483647;
			files = (
				F2438BE5264448AB00CBE8D1 /* animals.json in Resources */,
				F2438BE4264448AB00CBE8D1 /* locations.json in Resources */,
				F2438BE3264448AB00CBE8D1 /* covers.json in Resources */,
				F2438BC02644467500CBE8D1 /* Preview Assets.xcassets in Resources */,
				F2438BD32644486400CBE8D1 /* zebra.mp4 in Resources */,
				F2438BD92644486400CBE8D1 /* lioness.mp4 in Resources */,
				F2438BD72644486400CBE8D1 /* lion.mp4 in Resources */,
				F2438BD42644486400CBE8D1 /* giraffe.mp4 in Resources */,
				F2438BD82644486400CBE8D1 /* cheetah.mp4 in Resources */,
				F2438BDC2644486400CBE8D1 /* ostrich.mp4 in Resources */,
				F2438BD52644486400CBE8D1 /* rhino.mp4 in Resources */,
				F2438BD62644486400CBE8D1 /* hippo.mp4 in Resources */,
				F2438BDA2644486400CBE8D1 /* elephant.mp4 in Resources */,
				F2438BE6264448AB00CBE8D1 /* videos.json in Resources */,
				F2438BBD2644467500CBE8D1 /* Assets.xcassets in Resources */,
				F2438BDB2644486400CBE8D1 /* gorilla.mp4 in Resources */,
			);
			runOnlyForDeploymentPostprocessing = 0;
		};
/* End PBXResourcesBuildPhase section */

/* Begin PBXSourcesBuildPhase section */
		F2438BB12644467400CBE8D1 /* Sources */ = {
			isa = PBXSourcesBuildPhase;
			buildActionMask = 2147483647;
			files = (
				F2D7D0F22647569100020A97 /* ExternalWeblinkView.swift in Sources */,
				F2438BBB2644467400CBE8D1 /* ContentView.swift in Sources */,
				F2D7D0DC2646FF2C00020A97 /* AnimalListItemView.swift in Sources */,
				F225A24926444D8D00C4F577 /* MainView.swift in Sources */,
				F2D7D0EC26474F9C00020A97 /* InsetFactView.swift in Sources */,
				F2D7D0D02646E7B800020A97 /* CoverImageView.swift in Sources */,
				F2D7D0D42646EE9000020A97 /* CoverImageModel.swift in Sources */,
				F2D7D0E22647060D00020A97 /* AnimalDetailView.swift in Sources */,
				F2D7D0DF264700C700020A97 /* AnimalModel.swift in Sources */,
				F225A24326444D6A00C4F577 /* MapView.swift in Sources */,
				F235B294265442A9005FDF0A /* VideoPlayerHelper.swift in Sources */,
				F2D7D0EF2647520F00020A97 /* InsetMapView.swift in Sources */,
				F2438BB92644467400CBE8D1 /* AfricaApp.swift in Sources */,
				F235B29A26545D83005FDF0A /* MapAnnotationView.swift in Sources */,
				F225A24026444D4700C4F577 /* VideoListView.swift in Sources */,
				F2965EB0265431EB00E00A5A /* VideoModel.swift in Sources */,
				F225A24626444D7D00C4F577 /* GalleryView.swift in Sources */,
				F235B29726544BCD005FDF0A /* LocationModel.swift in Sources */,
				F24226A3265EDFFA0049FC5A /* AnimalGridItemView.swift in Sources */,
				F2D7D0E826474ACB00020A97 /* InsetGalleryView.swift in Sources */,
				F2965EB32654325300E00A5A /* VideoListItemView.swift in Sources */,
				F25D69FB26654BE3006CD3C7 /* CreditsView.swift in Sources */,
				F2D7D0D82646F08A00020A97 /* CodableBundleExtension.swift in Sources */,
				F2C2DF50265C09910060E668 /* MotionAnimationView.swift in Sources */,
				F25D6A0026654E1C006CD3C7 /* CenterModifier.swift in Sources */,
				F2D7D0E52647491F00020A97 /* HeadingView.swift in Sources */,
				F235B290265441B8005FDF0A /* VideoPlayerView.swift in Sources */,
			);
			runOnlyForDeploymentPostprocessing = 0;
		};
/* End PBXSourcesBuildPhase section */

/* Begin PBXTargetDependency section */
		F24226AD265EEB630049FC5A /* PBXTargetDependency */ = {
			isa = PBXTargetDependency;
			platformFilter = ios;
			target = F24226A6265EEB5C0049FC5A /* Stickers */;
			targetProxy = F24226AC265EEB630049FC5A /* PBXContainerItemProxy */;
		};
/* End PBXTargetDependency section */

/* Begin XCBuildConfiguration section */
		F24226B0265EEB630049FC5A /* Debug */ = {
			isa = XCBuildConfiguration;
			buildSettings = {
				ASSETCATALOG_COMPILER_APPICON_NAME = "iMessage App Icon";
				CODE_SIGN_STYLE = Automatic;
				DEVELOPMENT_TEAM = 7XHFQ957JQ;
				INFOPLIST_FILE = Stickers/Info.plist;
				IPHONEOS_DEPLOYMENT_TARGET = 10.0;
				PRODUCT_BUNDLE_IDENTIFIER = com.eriksalascode.Africa.Stickers;
				PRODUCT_NAME = "$(TARGET_NAME)";
				SKIP_INSTALL = YES;
				SUPPORTS_MACCATALYST = NO;
				TARGETED_DEVICE_FAMILY = "1,2";
			};
			name = Debug;
		};
		F24226B1265EEB630049FC5A /* Release */ = {
			isa = XCBuildConfiguration;
			buildSettings = {
				ASSETCATALOG_COMPILER_APPICON_NAME = "iMessage App Icon";
				CODE_SIGN_STYLE = Automatic;
				DEVELOPMENT_TEAM = 7XHFQ957JQ;
				INFOPLIST_FILE = Stickers/Info.plist;
				IPHONEOS_DEPLOYMENT_TARGET = 10.0;
				PRODUCT_BUNDLE_IDENTIFIER = com.eriksalascode.Africa.Stickers;
				PRODUCT_NAME = "$(TARGET_NAME)";
				SKIP_INSTALL = YES;
				SUPPORTS_MACCATALYST = NO;
				TARGETED_DEVICE_FAMILY = "1,2";
			};
			name = Release;
		};
		F2438BC22644467500CBE8D1 /* Debug */ = {
			isa = XCBuildConfiguration;
			buildSettings = {
				ALWAYS_SEARCH_USER_PATHS = NO;
				CLANG_ANALYZER_NONNULL = YES;
				CLANG_ANALYZER_NUMBER_OBJECT_CONVERSION = YES_AGGRESSIVE;
				CLANG_CXX_LANGUAGE_STANDARD = "gnu++14";
				CLANG_CXX_LIBRARY = "libc++";
				CLANG_ENABLE_MODULES = YES;
				CLANG_ENABLE_OBJC_ARC = YES;
				CLANG_ENABLE_OBJC_WEAK = YES;
				CLANG_WARN_BLOCK_CAPTURE_AUTORELEASING = YES;
				CLANG_WARN_BOOL_CONVERSION = YES;
				CLANG_WARN_COMMA = YES;
				CLANG_WARN_CONSTANT_CONVERSION = YES;
				CLANG_WARN_DEPRECATED_OBJC_IMPLEMENTATIONS = YES;
				CLANG_WARN_DIRECT_OBJC_ISA_USAGE = YES_ERROR;
				CLANG_WARN_DOCUMENTATION_COMMENTS = YES;
				CLANG_WARN_EMPTY_BODY = YES;
				CLANG_WARN_ENUM_CONVERSION = YES;
				CLANG_WARN_INFINITE_RECURSION = YES;
				CLANG_WARN_INT_CONVERSION = YES;
				CLANG_WARN_NON_LITERAL_NULL_CONVERSION = YES;
				CLANG_WARN_OBJC_IMPLICIT_RETAIN_SELF = YES;
				CLANG_WARN_OBJC_LITERAL_CONVERSION = YES;
				CLANG_WARN_OBJC_ROOT_CLASS = YES_ERROR;
				CLANG_WARN_QUOTED_INCLUDE_IN_FRAMEWORK_HEADER = YES;
				CLANG_WARN_RANGE_LOOP_ANALYSIS = YES;
				CLANG_WARN_STRICT_PROTOTYPES = YES;
				CLANG_WARN_SUSPICIOUS_MOVE = YES;
				CLANG_WARN_UNGUARDED_AVAILABILITY = YES_AGGRESSIVE;
				CLANG_WARN_UNREACHABLE_CODE = YES;
				CLANG_WARN__DUPLICATE_METHOD_MATCH = YES;
				COPY_PHASE_STRIP = NO;
				DEBUG_INFORMATION_FORMAT = dwarf;
				ENABLE_STRICT_OBJC_MSGSEND = YES;
				ENABLE_TESTABILITY = YES;
				GCC_C_LANGUAGE_STANDARD = gnu11;
				GCC_DYNAMIC_NO_PIC = NO;
				GCC_NO_COMMON_BLOCKS = YES;
				GCC_OPTIMIZATION_LEVEL = 0;
				GCC_PREPROCESSOR_DEFINITIONS = (
					"DEBUG=1",
					"$(inherited)",
				);
				GCC_WARN_64_TO_32_BIT_CONVERSION = YES;
				GCC_WARN_ABOUT_RETURN_TYPE = YES_ERROR;
				GCC_WARN_UNDECLARED_SELECTOR = YES;
				GCC_WARN_UNINITIALIZED_AUTOS = YES_AGGRESSIVE;
				GCC_WARN_UNUSED_FUNCTION = YES;
				GCC_WARN_UNUSED_VARIABLE = YES;
				IPHONEOS_DEPLOYMENT_TARGET = 14.4;
				MTL_ENABLE_DEBUG_INFO = INCLUDE_SOURCE;
				MTL_FAST_MATH = YES;
				ONLY_ACTIVE_ARCH = YES;
				SDKROOT = iphoneos;
				SWIFT_ACTIVE_COMPILATION_CONDITIONS = DEBUG;
				SWIFT_OPTIMIZATION_LEVEL = "-Onone";
			};
			name = Debug;
		};
		F2438BC32644467500CBE8D1 /* Release */ = {
			isa = XCBuildConfiguration;
			buildSettings = {
				ALWAYS_SEARCH_USER_PATHS = NO;
				CLANG_ANALYZER_NONNULL = YES;
				CLANG_ANALYZER_NUMBER_OBJECT_CONVERSION = YES_AGGRESSIVE;
				CLANG_CXX_LANGUAGE_STANDARD = "gnu++14";
				CLANG_CXX_LIBRARY = "libc++";
				CLANG_ENABLE_MODULES = YES;
				CLANG_ENABLE_OBJC_ARC = YES;
				CLANG_ENABLE_OBJC_WEAK = YES;
				CLANG_WARN_BLOCK_CAPTURE_AUTORELEASING = YES;
				CLANG_WARN_BOOL_CONVERSION = YES;
				CLANG_WARN_COMMA = YES;
				CLANG_WARN_CONSTANT_CONVERSION = YES;
				CLANG_WARN_DEPRECATED_OBJC_IMPLEMENTATIONS = YES;
				CLANG_WARN_DIRECT_OBJC_ISA_USAGE = YES_ERROR;
				CLANG_WARN_DOCUMENTATION_COMMENTS = YES;
				CLANG_WARN_EMPTY_BODY = YES;
				CLANG_WARN_ENUM_CONVERSION = YES;
				CLANG_WARN_INFINITE_RECURSION = YES;
				CLANG_WARN_INT_CONVERSION = YES;
				CLANG_WARN_NON_LITERAL_NULL_CONVERSION = YES;
				CLANG_WARN_OBJC_IMPLICIT_RETAIN_SELF = YES;
				CLANG_WARN_OBJC_LITERAL_CONVERSION = YES;
				CLANG_WARN_OBJC_ROOT_CLASS = YES_ERROR;
				CLANG_WARN_QUOTED_INCLUDE_IN_FRAMEWORK_HEADER = YES;
				CLANG_WARN_RANGE_LOOP_ANALYSIS = YES;
				CLANG_WARN_STRICT_PROTOTYPES = YES;
				CLANG_WARN_SUSPICIOUS_MOVE = YES;
				CLANG_WARN_UNGUARDED_AVAILABILITY = YES_AGGRESSIVE;
				CLANG_WARN_UNREACHABLE_CODE = YES;
				CLANG_WARN__DUPLICATE_METHOD_MATCH = YES;
				COPY_PHASE_STRIP = NO;
				DEBUG_INFORMATION_FORMAT = "dwarf-with-dsym";
				ENABLE_NS_ASSERTIONS = NO;
				ENABLE_STRICT_OBJC_MSGSEND = YES;
				GCC_C_LANGUAGE_STANDARD = gnu11;
				GCC_NO_COMMON_BLOCKS = YES;
				GCC_WARN_64_TO_32_BIT_CONVERSION = YES;
				GCC_WARN_ABOUT_RETURN_TYPE = YES_ERROR;
				GCC_WARN_UNDECLARED_SELECTOR = YES;
				GCC_WARN_UNINITIALIZED_AUTOS = YES_AGGRESSIVE;
				GCC_WARN_UNUSED_FUNCTION = YES;
				GCC_WARN_UNUSED_VARIABLE = YES;
				IPHONEOS_DEPLOYMENT_TARGET = 14.4;
				MTL_ENABLE_DEBUG_INFO = NO;
				MTL_FAST_MATH = YES;
				SDKROOT = iphoneos;
				SWIFT_COMPILATION_MODE = wholemodule;
				SWIFT_OPTIMIZATION_LEVEL = "-O";
				VALIDATE_PRODUCT = YES;
			};
			name = Release;
		};
		F2438BC52644467500CBE8D1 /* Debug */ = {
			isa = XCBuildConfiguration;
			buildSettings = {
				ASSETCATALOG_COMPILER_APPICON_NAME = AppIcon;
				ASSETCATALOG_COMPILER_GLOBAL_ACCENT_COLOR_NAME = AccentColor;
				CODE_SIGN_ENTITLEMENTS = Africa/Africa.entitlements;
				CODE_SIGN_STYLE = Automatic;
				DEVELOPMENT_ASSET_PATHS = "\"Africa/Preview Content\"";
				DEVELOPMENT_TEAM = 7XHFQ957JQ;
				ENABLE_PREVIEWS = YES;
				INFOPLIST_FILE = Africa/Info.plist;
				IPHONEOS_DEPLOYMENT_TARGET = 14.0;
				LD_RUNPATH_SEARCH_PATHS = (
					"$(inherited)",
					"@executable_path/Frameworks",
				);
				PRODUCT_BUNDLE_IDENTIFIER = com.eriksalascode.Africa;
				PRODUCT_NAME = "$(TARGET_NAME)";
				SUPPORTS_MACCATALYST = YES;
				SWIFT_VERSION = 5.0;
				TARGETED_DEVICE_FAMILY = "1,2";
			};
			name = Debug;
		};
		F2438BC62644467500CBE8D1 /* Release */ = {
			isa = XCBuildConfiguration;
			buildSettings = {
				ASSETCATALOG_COMPILER_APPICON_NAME = AppIcon;
				ASSETCATALOG_COMPILER_GLOBAL_ACCENT_COLOR_NAME = AccentColor;
				CODE_SIGN_ENTITLEMENTS = Africa/Africa.entitlements;
				CODE_SIGN_STYLE = Automatic;
				DEVELOPMENT_ASSET_PATHS = "\"Africa/Preview Content\"";
				DEVELOPMENT_TEAM = 7XHFQ957JQ;
				ENABLE_PREVIEWS = YES;
				INFOPLIST_FILE = Africa/Info.plist;
				IPHONEOS_DEPLOYMENT_TARGET = 14.0;
				LD_RUNPATH_SEARCH_PATHS = (
					"$(inherited)",
					"@executable_path/Frameworks",
				);
				PRODUCT_BUNDLE_IDENTIFIER = com.eriksalascode.Africa;
				PRODUCT_NAME = "$(TARGET_NAME)";
				SUPPORTS_MACCATALYST = YES;
				SWIFT_VERSION = 5.0;
				TARGETED_DEVICE_FAMILY = "1,2";
			};
			name = Release;
		};
/* End XCBuildConfiguration section */

/* Begin XCConfigurationList section */
		F24226AF265EEB630049FC5A /* Build configuration list for PBXNativeTarget "Stickers" */ = {
			isa = XCConfigurationList;
			buildConfigurations = (
				F24226B0265EEB630049FC5A /* Debug */,
				F24226B1265EEB630049FC5A /* Release */,
			);
			defaultConfigurationIsVisible = 0;
			defaultConfigurationName = Release;
		};
		F2438BB02644467400CBE8D1 /* Build configuration list for PBXProject "Africa" */ = {
			isa = XCConfigurationList;
			buildConfigurations = (
				F2438BC22644467500CBE8D1 /* Debug */,
				F2438BC32644467500CBE8D1 /* Release */,
			);
			defaultConfigurationIsVisible = 0;
			defaultConfigurationName = Release;
		};
		F2438BC42644467500CBE8D1 /* Build configuration list for PBXNativeTarget "Africa" */ = {
			isa = XCConfigurationList;
			buildConfigurations = (
				F2438BC52644467500CBE8D1 /* Debug */,
				F2438BC62644467500CBE8D1 /* Release */,
			);
			defaultConfigurationIsVisible = 0;
			defaultConfigurationName = Release;
		};
/* End XCConfigurationList section */
	};
	rootObject = F2438BAD2644467400CBE8D1 /* Project object */;
}
